
Microsoft Visual Studio Solution File, Format Version 12.00
# Visual Studio Version 16
VisualStudioVersion = 16.0.31019.35
MinimumVisualStudioVersion = 10.0.40219.1
Project("{FAE04EC0-301F-11D3-BF4B-00C04F79EFBC}") = "CGHomework3", "CGHomework3\CGHomework3.csproj", "{A42FAEAF-D910-48B8-907A-4321AD564335}"
EndProject
Global
	GlobalSection(SolutionConfigurationPlatforms) = preSolution
		Debug|Any CPU = Debug|Any CPU
		Release|Any CPU = Release|Any CPU
	EndGlobalSection
	GlobalSection(ProjectConfigurationPlatforms) = postSolution
		{A42FAEAF-D910-48B8-907A-4321AD564335}.Debug|Any CPU.ActiveCfg = Debug|Any CPU
		{A42FAEAF-D910-48B8-907A-4321AD564335}.Debug|Any CPU.Build.0 = Debug|Any CPU
		{A42FAEAF-D910-48B8-907A-4321AD564335}.Release|Any CPU.ActiveCfg = Release|Any CPU
		{A42FAEAF-D910-48B8-907A-4321AD564335}.Release|Any CPU.Build.0 = Release|Any CPU
	EndGlobalSection
	GlobalSection(SolutionProperties) = preSolution
		HideSolutionNode = FALSE
	EndGlobalSection
	GlobalSection(ExtensibilityGlobals) = postSolution
		SolutionGuid = {DE5246C2-AFFF-4D3C-816C-CFE1795ECAFC}
	EndGlobalSection
EndGlobal
